
Microsoft Visual Studio Solution File, Format Version 12.00
# Visual Studio 11
Project("{2150E333-8FDC-42A3-9474-1A3956D46DE8}") = "Solution Items", "Solution Items", "{E5F20C95-5351-4A3C-AED9-91F9E6D8CDF0}"
	ProjectSection(SolutionItems) = preProject
		extension.dat = extension.dat
		info.dat = info.dat
		mylist.tpl = mylist.tpl
	EndProjectSection
EndProject
Global
	GlobalSection(SubversionScc) = preSolution
		Manager = AnkhSVN - Subversion Support for Visual Studio
		Svn-Managed = True
	EndGlobalSection
	GlobalSection(SolutionProperties) = preSolution
		HideSolutionNode = FALSE
	EndGlobalSection
EndGlobal
