Microsoft Visual Studio Solution File, Format Version 10.00
# Visual Studio 2008
Project("{8BC9CEB8-8B4A-11D0-8D11-00A0C91BC942}") = "avinfo", "avinfo\avinfo.vcproj", "{7EB8F5E3-03DB-476A-A06D-E2C5FB4CA045}"
	ProjectSection(ProjectDependencies) = postProject
		{88C9E255-BBAD-4551-BB90-6A32517820AE} = {88C9E255-BBAD-4551-BB90-6A32517820AE}
		{B2C3CE5F-0989-4833-A515-DB270D964BCF} = {B2C3CE5F-0989-4833-A515-DB270D964BCF}
		{0DA1DA7D-F393-4E7C-A7CE-CB5C6A67BC94} = {0DA1DA7D-F393-4E7C-A7CE-CB5C6A67BC94}
		{9C4521D0-FBDA-4256-80BB-972B2F489D58} = {9C4521D0-FBDA-4256-80BB-972B2F489D58}
		{20E0F8D6-213C-460B-B361-9C725CB375C7} = {20E0F8D6-213C-460B-B361-9C725CB375C7}
		{E3C2A4E1-3DC5-4B67-A3F1-D8AB645DC750} = {E3C2A4E1-3DC5-4B67-A3F1-D8AB645DC750}
		{C406DAEC-0886-4771-8DEA-9D7329B46CC1} = {C406DAEC-0886-4771-8DEA-9D7329B46CC1}
	EndProjectSection
EndProject
Project("{8BC9CEB8-8B4A-11D0-8D11-00A0C91BC942}") = "MatroskaUtils", "MatroskaUtils\MatroskaUtils.vcproj", "{E3C2A4E1-3DC5-4B67-A3F1-D8AB645DC750}"
	ProjectSection(ProjectDependencies) = postProject
		{168C0F0D-9975-4D24-885C-87A9B018617E} = {168C0F0D-9975-4D24-885C-87A9B018617E}
		{D8C23D6A-966A-4A49-9F9C-95CDF2C6BB29} = {D8C23D6A-966A-4A49-9F9C-95CDF2C6BB29}
	EndProjectSection
EndProject
Project("{8BC9CEB8-8B4A-11D0-8D11-00A0C91BC942}") = "OGMInfo", "OGMInfo\OGMInfo.vcproj", "{9C4521D0-FBDA-4256-80BB-972B2F489D58}"
	ProjectSection(ProjectDependencies) = postProject
		{3A214E06-B95E-4D61-A291-1F8DF2EC10FD} = {3A214E06-B95E-4D61-A291-1F8DF2EC10FD}
		{15CBFEFF-7965-41F5-B4E2-21E8795C9159} = {15CBFEFF-7965-41F5-B4E2-21E8795C9159}
	EndProjectSection
EndProject
Project("{8BC9CEB8-8B4A-11D0-8D11-00A0C91BC942}") = "avdump", "avdump\avdump.vcproj", "{E8877FA3-DE45-42E2-A369-72C5FAAD92C7}"
	ProjectSection(ProjectDependencies) = postProject
		{404FD308-C832-4350-A18F-2D58DFA04CF2} = {404FD308-C832-4350-A18F-2D58DFA04CF2}
		{065EFA1A-E5A6-4973-A6EA-9CD830FB4FE6} = {065EFA1A-E5A6-4973-A6EA-9CD830FB4FE6}
		{14FA4A22-2AC6-4A68-9FF2-19C0C84ABF70} = {14FA4A22-2AC6-4A68-9FF2-19C0C84ABF70}
		{B2C3CE5F-0989-4833-A515-DB270D964BCF} = {B2C3CE5F-0989-4833-A515-DB270D964BCF}
		{3423EC9A-52E4-4A4D-9753-EDEBC38785EF} = {3423EC9A-52E4-4A4D-9753-EDEBC38785EF}
		{20E0F8D6-213C-460B-B361-9C725CB375C7} = {20E0F8D6-213C-460B-B361-9C725CB375C7}
		{7EB8F5E3-03DB-476A-A06D-E2C5FB4CA045} = {7EB8F5E3-03DB-476A-A06D-E2C5FB4CA045}
		{C406DAEC-0886-4771-8DEA-9D7329B46CC1} = {C406DAEC-0886-4771-8DEA-9D7329B46CC1}
	EndProjectSection
EndProject
Project("{8BC9CEB8-8B4A-11D0-8D11-00A0C91BC942}") = "avhash", "avhash\avhash.vcproj", "{065EFA1A-E5A6-4973-A6EA-9CD830FB4FE6}"
EndProject
Project("{8BC9CEB8-8B4A-11D0-8D11-00A0C91BC942}") = "MPEGAudioInfo", "MPAHeaderInfo\MPAHeaderInfo.vcproj", "{B2C3CE5F-0989-4833-A515-DB270D964BCF}"
EndProject
Project("{8BC9CEB8-8B4A-11D0-8D11-00A0C91BC942}") = "ZenLib", "ZenLib\Project\MSVC\Library\ZenLib.vcproj", "{0DA1DA7D-F393-4E7C-A7CE-CB5C6A67BC94}"
EndProject
Project("{8BC9CEB8-8B4A-11D0-8D11-00A0C91BC942}") = "MediaInfoLib", "MediaInfoLib\Project\MSVC\Library\MediaInfoLib.vcproj", "{20E0F8D6-213C-460B-B361-9C725CB375C7}"
	ProjectSection(ProjectDependencies) = postProject
		{168C0F0D-9975-4D24-885C-87A9B018617E} = {168C0F0D-9975-4D24-885C-87A9B018617E}
		{5638B447-4AF5-49EB-B83A-958C7DA062F6} = {5638B447-4AF5-49EB-B83A-958C7DA062F6}
		{D8C23D6A-966A-4A49-9F9C-95CDF2C6BB29} = {D8C23D6A-966A-4A49-9F9C-95CDF2C6BB29}
		{0DA1DA7D-F393-4E7C-A7CE-CB5C6A67BC94} = {0DA1DA7D-F393-4E7C-A7CE-CB5C6A67BC94}
	EndProjectSection
EndProject
Project("{8BC9CEB8-8B4A-11D0-8D11-00A0C91BC942}") = "libebml", "libebml\make\vc7\lib\libebml.v71.vcproj", "{168C0F0D-9975-4D24-885C-87A9B018617E}"
EndProject
Project("{8BC9CEB8-8B4A-11D0-8D11-00A0C91BC942}") = "zlib", "zlib\projects\visualc6\zlib.vcproj", "{5638B447-4AF5-49EB-B83A-958C7DA062F6}"
EndProject
Project("{8BC9CEB8-8B4A-11D0-8D11-00A0C91BC942}") = "libmatroska", "libmatroska\make\vc7\lib\static\libmatroska.v71.vcproj", "{D8C23D6A-966A-4A49-9F9C-95CDF2C6BB29}"
EndProject
Project("{8BC9CEB8-8B4A-11D0-8D11-00A0C91BC942}") = "libogg_static", "libogg\win32\VS2008\libogg_static.vcproj", "{15CBFEFF-7965-41F5-B4E2-21E8795C9159}"
EndProject
Project("{8BC9CEB8-8B4A-11D0-8D11-00A0C91BC942}") = "libvorbis_static", "libvorbis\win32\VS2008\libvorbis\libvorbis_static.vcproj", "{3A214E06-B95E-4D61-A291-1F8DF2EC10FD}"
	ProjectSection(ProjectDependencies) = postProject
		{15CBFEFF-7965-41F5-B4E2-21E8795C9159} = {15CBFEFF-7965-41F5-B4E2-21E8795C9159}
	EndProjectSection
EndProject
Project("{8BC9CEB8-8B4A-11D0-8D11-00A0C91BC942}") = "tinyxml_lib", "tinyxml\tinyxml_lib.vcproj", "{C406DAEC-0886-4771-8DEA-9D7329B46CC1}"
EndProject
Project("{8BC9CEB8-8B4A-11D0-8D11-00A0C91BC942}") = "MACLib", "MAC_SDK\Source\MACLib\MACLib.vcproj", "{88C9E255-BBAD-4551-BB90-6A32517820AE}"
EndProject
Project("{8BC9CEB8-8B4A-11D0-8D11-00A0C91BC942}") = "cryptlib", "cryptopp\cryptlib.vcproj", "{3423EC9A-52E4-4A4D-9753-EDEBC38785EF}"
EndProject
Project("{8BC9CEB8-8B4A-11D0-8D11-00A0C91BC942}") = "libFooID", "libfooid\win32\libFooID.vcproj", "{404FD308-C832-4350-A18F-2D58DFA04CF2}"
	ProjectSection(ProjectDependencies) = postProject
		{E38F7B39-087A-41CE-80B5-AA71DCD36BA4} = {E38F7B39-087A-41CE-80B5-AA71DCD36BA4}
	EndProjectSection
EndProject
Project("{8BC9CEB8-8B4A-11D0-8D11-00A0C91BC942}") = "mpg123", "mpg123\mpg123.vcproj", "{14FA4A22-2AC6-4A68-9FF2-19C0C84ABF70}"
EndProject
Project("{8BC9CEB8-8B4A-11D0-8D11-00A0C91BC942}") = "libresample", "libfooid\libresample\win32\libresample.vcproj", "{E38F7B39-087A-41CE-80B5-AA71DCD36BA4}"
EndProject
Global
	GlobalSection(SolutionConfigurationPlatforms) = preSolution
		Release|Win32 = Release|Win32
	EndGlobalSection
	GlobalSection(ProjectConfigurationPlatforms) = postSolution
		{7EB8F5E3-03DB-476A-A06D-E2C5FB4CA045}.Release|Win32.ActiveCfg = Release|Win32
		{7EB8F5E3-03DB-476A-A06D-E2C5FB4CA045}.Release|Win32.Build.0 = Release|Win32
		{E3C2A4E1-3DC5-4B67-A3F1-D8AB645DC750}.Release|Win32.ActiveCfg = Release|Win32
		{E3C2A4E1-3DC5-4B67-A3F1-D8AB645DC750}.Release|Win32.Build.0 = Release|Win32
		{9C4521D0-FBDA-4256-80BB-972B2F489D58}.Release|Win32.ActiveCfg = Release|Win32
		{9C4521D0-FBDA-4256-80BB-972B2F489D58}.Release|Win32.Build.0 = Release|Win32
		{E8877FA3-DE45-42E2-A369-72C5FAAD92C7}.Release|Win32.ActiveCfg = Release|Win32
		{E8877FA3-DE45-42E2-A369-72C5FAAD92C7}.Release|Win32.Build.0 = Release|Win32
		{065EFA1A-E5A6-4973-A6EA-9CD830FB4FE6}.Release|Win32.ActiveCfg = Release|Win32
		{065EFA1A-E5A6-4973-A6EA-9CD830FB4FE6}.Release|Win32.Build.0 = Release|Win32
		{B2C3CE5F-0989-4833-A515-DB270D964BCF}.Release|Win32.ActiveCfg = Release|Win32
		{B2C3CE5F-0989-4833-A515-DB270D964BCF}.Release|Win32.Build.0 = Release|Win32
		{0DA1DA7D-F393-4E7C-A7CE-CB5C6A67BC94}.Release|Win32.ActiveCfg = Release|Win32
		{0DA1DA7D-F393-4E7C-A7CE-CB5C6A67BC94}.Release|Win32.Build.0 = Release|Win32
		{20E0F8D6-213C-460B-B361-9C725CB375C7}.Release|Win32.ActiveCfg = Release|Win32
		{20E0F8D6-213C-460B-B361-9C725CB375C7}.Release|Win32.Build.0 = Release|Win32
		{168C0F0D-9975-4D24-885C-87A9B018617E}.Release|Win32.ActiveCfg = Release|Win32
		{168C0F0D-9975-4D24-885C-87A9B018617E}.Release|Win32.Build.0 = Release|Win32
		{5638B447-4AF5-49EB-B83A-958C7DA062F6}.Release|Win32.ActiveCfg = LIB Release|Win32
		{5638B447-4AF5-49EB-B83A-958C7DA062F6}.Release|Win32.Build.0 = LIB Release|Win32
		{D8C23D6A-966A-4A49-9F9C-95CDF2C6BB29}.Release|Win32.ActiveCfg = Release|Win32
		{D8C23D6A-966A-4A49-9F9C-95CDF2C6BB29}.Release|Win32.Build.0 = Release|Win32
		{15CBFEFF-7965-41F5-B4E2-21E8795C9159}.Release|Win32.ActiveCfg = Release|Win32
		{15CBFEFF-7965-41F5-B4E2-21E8795C9159}.Release|Win32.Build.0 = Release|Win32
		{3A214E06-B95E-4D61-A291-1F8DF2EC10FD}.Release|Win32.ActiveCfg = Release|Win32
		{3A214E06-B95E-4D61-A291-1F8DF2EC10FD}.Release|Win32.Build.0 = Release|Win32
		{C406DAEC-0886-4771-8DEA-9D7329B46CC1}.Release|Win32.ActiveCfg = Release|Win32
		{C406DAEC-0886-4771-8DEA-9D7329B46CC1}.Release|Win32.Build.0 = Release|Win32
		{88C9E255-BBAD-4551-BB90-6A32517820AE}.Release|Win32.ActiveCfg = Release|Win32
		{88C9E255-BBAD-4551-BB90-6A32517820AE}.Release|Win32.Build.0 = Release|Win32
		{3423EC9A-52E4-4A4D-9753-EDEBC38785EF}.Release|Win32.ActiveCfg = Release|Win32
		{3423EC9A-52E4-4A4D-9753-EDEBC38785EF}.Release|Win32.Build.0 = Release|Win32
		{404FD308-C832-4350-A18F-2D58DFA04CF2}.Release|Win32.ActiveCfg = Release|Win32
		{404FD308-C832-4350-A18F-2D58DFA04CF2}.Release|Win32.Build.0 = Release|Win32
		{14FA4A22-2AC6-4A68-9FF2-19C0C84ABF70}.Release|Win32.ActiveCfg = Release|Win32
		{14FA4A22-2AC6-4A68-9FF2-19C0C84ABF70}.Release|Win32.Build.0 = Release|Win32
		{E38F7B39-087A-41CE-80B5-AA71DCD36BA4}.Release|Win32.ActiveCfg = Release|Win32
		{E38F7B39-087A-41CE-80B5-AA71DCD36BA4}.Release|Win32.Build.0 = Release|Win32
	EndGlobalSection
	GlobalSection(SolutionProperties) = preSolution
		HideSolutionNode = FALSE
	EndGlobalSection
EndGlobal
