
Microsoft Visual Studio Solution File, Format Version 11.00
# Visual Studio 2010
Project("{FAE04EC0-301F-11D3-BF4B-00C04F79EFBC}") = "AVDump2Lib", "AVDump2Lib\AVDump2Lib.csproj", "{C827397B-B9F8-4741-B1BB-FC0A17E39550}"
EndProject
Project("{FAE04EC0-301F-11D3-BF4B-00C04F79EFBC}") = "AVDump2CL", "AVDumpCL\AVDump2CL.csproj", "{4CD2803E-BEFE-44A8-B4EF-3DA5A0588581}"
EndProject
Project("{2150E333-8FDC-42A3-9474-1A3956D46DE8}") = "Solution Items", "Solution Items", "{E8FC92DC-FAA0-4409-80B3-637EB2FB0B85}"
	ProjectSection(SolutionItems) = preProject
		AsmRaise.exe = AsmRaise.exe
	EndProjectSection
EndProject
Project("{FAE04EC0-301F-11D3-BF4B-00C04F79EFBC}") = "ACreq", "ACreq\ACreq.csproj", "{32553340-FCA0-44B5-9750-6299A46CB022}"
EndProject
Global
	GlobalSection(SubversionScc) = preSolution
		Svn-Managed = True
		Manager = AnkhSVN - Subversion Support for Visual Studio
	EndGlobalSection
	GlobalSection(SolutionConfigurationPlatforms) = preSolution
		Debug|Any CPU = Debug|Any CPU
		Debug|x86 = Debug|x86
		DebugRelease|Any CPU = DebugRelease|Any CPU
		DebugRelease|x86 = DebugRelease|x86
		Release|Any CPU = Release|Any CPU
		Release|x86 = Release|x86
	EndGlobalSection
	GlobalSection(ProjectConfigurationPlatforms) = postSolution
		{C827397B-B9F8-4741-B1BB-FC0A17E39550}.Debug|Any CPU.ActiveCfg = Debug|Any CPU
		{C827397B-B9F8-4741-B1BB-FC0A17E39550}.Debug|Any CPU.Build.0 = Debug|Any CPU
		{C827397B-B9F8-4741-B1BB-FC0A17E39550}.Debug|x86.ActiveCfg = Debug|x86
		{C827397B-B9F8-4741-B1BB-FC0A17E39550}.Debug|x86.Build.0 = Debug|x86
		{C827397B-B9F8-4741-B1BB-FC0A17E39550}.DebugRelease|Any CPU.ActiveCfg = DebugRelease|Any CPU
		{C827397B-B9F8-4741-B1BB-FC0A17E39550}.DebugRelease|Any CPU.Build.0 = DebugRelease|Any CPU
		{C827397B-B9F8-4741-B1BB-FC0A17E39550}.DebugRelease|x86.ActiveCfg = DebugRelease|x86
		{C827397B-B9F8-4741-B1BB-FC0A17E39550}.DebugRelease|x86.Build.0 = DebugRelease|x86
		{C827397B-B9F8-4741-B1BB-FC0A17E39550}.Release|Any CPU.ActiveCfg = Release|Any CPU
		{C827397B-B9F8-4741-B1BB-FC0A17E39550}.Release|Any CPU.Build.0 = Release|Any CPU
		{C827397B-B9F8-4741-B1BB-FC0A17E39550}.Release|x86.ActiveCfg = Release|x86
		{C827397B-B9F8-4741-B1BB-FC0A17E39550}.Release|x86.Build.0 = Release|x86
		{4CD2803E-BEFE-44A8-B4EF-3DA5A0588581}.Debug|Any CPU.ActiveCfg = Debug|Any CPU
		{4CD2803E-BEFE-44A8-B4EF-3DA5A0588581}.Debug|Any CPU.Build.0 = Debug|Any CPU
		{4CD2803E-BEFE-44A8-B4EF-3DA5A0588581}.Debug|x86.ActiveCfg = Debug|x86
		{4CD2803E-BEFE-44A8-B4EF-3DA5A0588581}.Debug|x86.Build.0 = Debug|x86
		{4CD2803E-BEFE-44A8-B4EF-3DA5A0588581}.DebugRelease|Any CPU.ActiveCfg = DebugRelease|Any CPU
		{4CD2803E-BEFE-44A8-B4EF-3DA5A0588581}.DebugRelease|Any CPU.Build.0 = DebugRelease|Any CPU
		{4CD2803E-BEFE-44A8-B4EF-3DA5A0588581}.DebugRelease|x86.ActiveCfg = DebugRelease|x86
		{4CD2803E-BEFE-44A8-B4EF-3DA5A0588581}.DebugRelease|x86.Build.0 = DebugRelease|x86
		{4CD2803E-BEFE-44A8-B4EF-3DA5A0588581}.Release|Any CPU.ActiveCfg = Release|Any CPU
		{4CD2803E-BEFE-44A8-B4EF-3DA5A0588581}.Release|Any CPU.Build.0 = Release|Any CPU
		{4CD2803E-BEFE-44A8-B4EF-3DA5A0588581}.Release|x86.ActiveCfg = Release|x86
		{4CD2803E-BEFE-44A8-B4EF-3DA5A0588581}.Release|x86.Build.0 = Release|x86
		{32553340-FCA0-44B5-9750-6299A46CB022}.Debug|Any CPU.ActiveCfg = Debug|Any CPU
		{32553340-FCA0-44B5-9750-6299A46CB022}.Debug|Any CPU.Build.0 = Debug|Any CPU
		{32553340-FCA0-44B5-9750-6299A46CB022}.Debug|x86.ActiveCfg = Debug|Any CPU
		{32553340-FCA0-44B5-9750-6299A46CB022}.DebugRelease|Any CPU.ActiveCfg = Release|Any CPU
		{32553340-FCA0-44B5-9750-6299A46CB022}.DebugRelease|Any CPU.Build.0 = Release|Any CPU
		{32553340-FCA0-44B5-9750-6299A46CB022}.DebugRelease|x86.ActiveCfg = Release|Any CPU
		{32553340-FCA0-44B5-9750-6299A46CB022}.Release|Any CPU.ActiveCfg = Release|Any CPU
		{32553340-FCA0-44B5-9750-6299A46CB022}.Release|Any CPU.Build.0 = Release|Any CPU
		{32553340-FCA0-44B5-9750-6299A46CB022}.Release|x86.ActiveCfg = Release|Any CPU
	EndGlobalSection
	GlobalSection(SolutionProperties) = preSolution
		HideSolutionNode = FALSE
	EndGlobalSection
EndGlobal
